
Microsoft Visual Studio Solution File, Format Version 12.00
# Visual Studio Version 17
VisualStudioVersion = 17.11.35222.181
MinimumVisualStudioVersion = 10.0.40219.1
Project("{2150E333-8FDC-42A3-9474-1A3956D46DE8}") = "src", "src", "{8F8A9344-1184-4D85-8A7B-0CDA46E31B4A}"
EndProject
Project("{2150E333-8FDC-42A3-9474-1A3956D46DE8}") = "Api", "Api", "{DACDC1D4-08AA-41B4-85CF-8CF88D70FB70}"
EndProject
Project("{2150E333-8FDC-42A3-9474-1A3956D46DE8}") = "Clients", "Clients", "{852350B1-513F-4EAC-87D9-411F001B6C69}"
EndProject
Project("{2150E333-8FDC-42A3-9474-1A3956D46DE8}") = "Common", "Common", "{AEC6A213-8E8A-4044-BFC8-4D440F745BE5}"
EndProject
Project("{2150E333-8FDC-42A3-9474-1A3956D46DE8}") = "Projections", "Projections", "{5AF4F58B-C45F-4FA7-8EF5-18FA33B90E91}"
EndProject
Project("{2150E333-8FDC-42A3-9474-1A3956D46DE8}") = "Core", "Core", "{49D3FA8C-1134-4491-8422-CA55789EC50D}"
EndProject
Project("{2150E333-8FDC-42A3-9474-1A3956D46DE8}") = "Infrastructure", "Infrastructure", "{28F288E9-C8DB-4C3C-A368-A0FFBF3FCBC8}"
EndProject
Project("{2150E333-8FDC-42A3-9474-1A3956D46DE8}") = "WebAPI", "WebAPI", "{824AC4BB-BD81-4560-9E33-C0E6D88B40DC}"
EndProject
Project("{2150E333-8FDC-42A3-9474-1A3956D46DE8}") = "Web", "Web", "{D1E0028D-26B8-4E03-8967-EE91DF376BC1}"
EndProject
Project("{FAE04EC0-301F-11D3-BF4B-00C04F79EFBC}") = "Jotem.Api.Application", "src\Api\Core\Jotem.Api.Application\Jotem.Api.Application.csproj", "{7EE7C690-CED7-4B7A-96F3-A98ECCC9387C}"
EndProject
Project("{FAE04EC0-301F-11D3-BF4B-00C04F79EFBC}") = "Jotem.Api.Domain", "src\Api\Core\Jotem.Api.Domain\Jotem.Api.Domain.csproj", "{F22A8D17-551B-4EFE-93FF-96BCB751AF33}"
EndProject
Project("{FAE04EC0-301F-11D3-BF4B-00C04F79EFBC}") = "Jotem.Infrastructure.Persistence", "src\Api\Infrastructure\Jotem.Infrastructure.Persistence\Jotem.Infrastructure.Persistence.csproj", "{CA4432AB-C540-48AE-A027-C94A58DDECF7}"
EndProject
Project("{FAE04EC0-301F-11D3-BF4B-00C04F79EFBC}") = "Jotem.Api.WebApi", "src\Api\WebAPI\Jotem.Api.WebApi\Jotem.Api.WebApi.csproj", "{AE628E36-90D6-48B1-BDAB-CC231B8B5877}"
EndProject
Project("{FAE04EC0-301F-11D3-BF4B-00C04F79EFBC}") = "Jotem.Common", "src\Common\Jotem.Common\Jotem.Common.csproj", "{9EEB0C16-BABC-4661-8E8A-76CC1EFE4FBA}"
EndProject
Project("{FAE04EC0-301F-11D3-BF4B-00C04F79EFBC}") = "JotemClient", "src\Clients\Web\JotemClient\JotemClient.csproj", "{D2902E80-E87E-4407-B6A3-A90C4FDF16D4}"
EndProject
Global
	GlobalSection(SolutionConfigurationPlatforms) = preSolution
		Debug|Any CPU = Debug|Any CPU
		Release|Any CPU = Release|Any CPU
	EndGlobalSection
	GlobalSection(ProjectConfigurationPlatforms) = postSolution
		{7EE7C690-CED7-4B7A-96F3-A98ECCC9387C}.Debug|Any CPU.ActiveCfg = Debug|Any CPU
		{7EE7C690-CED7-4B7A-96F3-A98ECCC9387C}.Debug|Any CPU.Build.0 = Debug|Any CPU
		{7EE7C690-CED7-4B7A-96F3-A98ECCC9387C}.Release|Any CPU.ActiveCfg = Release|Any CPU
		{7EE7C690-CED7-4B7A-96F3-A98ECCC9387C}.Release|Any CPU.Build.0 = Release|Any CPU
		{F22A8D17-551B-4EFE-93FF-96BCB751AF33}.Debug|Any CPU.ActiveCfg = Debug|Any CPU
		{F22A8D17-551B-4EFE-93FF-96BCB751AF33}.Debug|Any CPU.Build.0 = Debug|Any CPU
		{F22A8D17-551B-4EFE-93FF-96BCB751AF33}.Release|Any CPU.ActiveCfg = Release|Any CPU
		{F22A8D17-551B-4EFE-93FF-96BCB751AF33}.Release|Any CPU.Build.0 = Release|Any CPU
		{CA4432AB-C540-48AE-A027-C94A58DDECF7}.Debug|Any CPU.ActiveCfg = Debug|Any CPU
		{CA4432AB-C540-48AE-A027-C94A58DDECF7}.Debug|Any CPU.Build.0 = Debug|Any CPU
		{CA4432AB-C540-48AE-A027-C94A58DDECF7}.Release|Any CPU.ActiveCfg = Release|Any CPU
		{CA4432AB-C540-48AE-A027-C94A58DDECF7}.Release|Any CPU.Build.0 = Release|Any CPU
		{AE628E36-90D6-48B1-BDAB-CC231B8B5877}.Debug|Any CPU.ActiveCfg = Debug|Any CPU
		{AE628E36-90D6-48B1-BDAB-CC231B8B5877}.Debug|Any CPU.Build.0 = Debug|Any CPU
		{AE628E36-90D6-48B1-BDAB-CC231B8B5877}.Release|Any CPU.ActiveCfg = Release|Any CPU
		{AE628E36-90D6-48B1-BDAB-CC231B8B5877}.Release|Any CPU.Build.0 = Release|Any CPU
		{9EEB0C16-BABC-4661-8E8A-76CC1EFE4FBA}.Debug|Any CPU.ActiveCfg = Debug|Any CPU
		{9EEB0C16-BABC-4661-8E8A-76CC1EFE4FBA}.Debug|Any CPU.Build.0 = Debug|Any CPU
		{9EEB0C16-BABC-4661-8E8A-76CC1EFE4FBA}.Release|Any CPU.ActiveCfg = Release|Any CPU
		{9EEB0C16-BABC-4661-8E8A-76CC1EFE4FBA}.Release|Any CPU.Build.0 = Release|Any CPU
		{D2902E80-E87E-4407-B6A3-A90C4FDF16D4}.Debug|Any CPU.ActiveCfg = Debug|Any CPU
		{D2902E80-E87E-4407-B6A3-A90C4FDF16D4}.Debug|Any CPU.Build.0 = Debug|Any CPU
		{D2902E80-E87E-4407-B6A3-A90C4FDF16D4}.Release|Any CPU.ActiveCfg = Release|Any CPU
		{D2902E80-E87E-4407-B6A3-A90C4FDF16D4}.Release|Any CPU.Build.0 = Release|Any CPU
	EndGlobalSection
	GlobalSection(SolutionProperties) = preSolution
		HideSolutionNode = FALSE
	EndGlobalSection
	GlobalSection(NestedProjects) = preSolution
		{DACDC1D4-08AA-41B4-85CF-8CF88D70FB70} = {8F8A9344-1184-4D85-8A7B-0CDA46E31B4A}
		{852350B1-513F-4EAC-87D9-411F001B6C69} = {8F8A9344-1184-4D85-8A7B-0CDA46E31B4A}
		{AEC6A213-8E8A-4044-BFC8-4D440F745BE5} = {8F8A9344-1184-4D85-8A7B-0CDA46E31B4A}
		{5AF4F58B-C45F-4FA7-8EF5-18FA33B90E91} = {8F8A9344-1184-4D85-8A7B-0CDA46E31B4A}
		{49D3FA8C-1134-4491-8422-CA55789EC50D} = {DACDC1D4-08AA-41B4-85CF-8CF88D70FB70}
		{28F288E9-C8DB-4C3C-A368-A0FFBF3FCBC8} = {DACDC1D4-08AA-41B4-85CF-8CF88D70FB70}
		{824AC4BB-BD81-4560-9E33-C0E6D88B40DC} = {DACDC1D4-08AA-41B4-85CF-8CF88D70FB70}
		{D1E0028D-26B8-4E03-8967-EE91DF376BC1} = {852350B1-513F-4EAC-87D9-411F001B6C69}
		{7EE7C690-CED7-4B7A-96F3-A98ECCC9387C} = {49D3FA8C-1134-4491-8422-CA55789EC50D}
		{F22A8D17-551B-4EFE-93FF-96BCB751AF33} = {49D3FA8C-1134-4491-8422-CA55789EC50D}
		{CA4432AB-C540-48AE-A027-C94A58DDECF7} = {28F288E9-C8DB-4C3C-A368-A0FFBF3FCBC8}
		{AE628E36-90D6-48B1-BDAB-CC231B8B5877} = {824AC4BB-BD81-4560-9E33-C0E6D88B40DC}
		{9EEB0C16-BABC-4661-8E8A-76CC1EFE4FBA} = {AEC6A213-8E8A-4044-BFC8-4D440F745BE5}
		{D2902E80-E87E-4407-B6A3-A90C4FDF16D4} = {D1E0028D-26B8-4E03-8967-EE91DF376BC1}
	EndGlobalSection
	GlobalSection(ExtensibilityGlobals) = postSolution
		SolutionGuid = {2BE0AECE-1C99-4BE5-99A9-817D3B96DE24}
	EndGlobalSection
EndGlobal
